// !$*UTF8*$!
{
	archiveVersion = 1;
	classes = {
	};
	objectVersion = 51;
	objects = {

/* Begin PBXBuildFile section */
		2826181F288A487400627D7A /* HeaderCollectionReusableView.swift in Sources */ = {isa = PBXBuildFile; fileRef = 2826181E288A487400627D7A /* HeaderCollectionReusableView.swift */; };
		284C573028886BC700761344 /* NewsTableViewCell.swift in Sources */ = {isa = PBXBuildFile; fileRef = 284C572F28886BC700761344 /* NewsTableViewCell.swift */; };
		284C573328886C9800761344 /* HeaderView.swift in Sources */ = {isa = PBXBuildFile; fileRef = 284C573228886C9800761344 /* HeaderView.swift */; };
		2852AC1A288AE63300D27948 /* Extensions.swift in Sources */ = {isa = PBXBuildFile; fileRef = 2852AC19288AE63300D27948 /* Extensions.swift */; };
		2866ABD82888084D00E0B0F2 /* AppDelegate.swift in Sources */ = {isa = PBXBuildFile; fileRef = 2866ABD72888084D00E0B0F2 /* AppDelegate.swift */; };
		2866ABDA2888084D00E0B0F2 /* SceneDelegate.swift in Sources */ = {isa = PBXBuildFile; fileRef = 2866ABD92888084D00E0B0F2 /* SceneDelegate.swift */; };
		2866ABE12888084F00E0B0F2 /* Assets.xcassets in Resources */ = {isa = PBXBuildFile; fileRef = 2866ABE02888084F00E0B0F2 /* Assets.xcassets */; };
		2866ABE42888084F00E0B0F2 /* LaunchScreen.storyboard in Resources */ = {isa = PBXBuildFile; fileRef = 2866ABE22888084F00E0B0F2 /* LaunchScreen.storyboard */; };
		2866ABF0288808E900E0B0F2 /* MainTabBarViewController.swift in Sources */ = {isa = PBXBuildFile; fileRef = 2866ABEF288808E900E0B0F2 /* MainTabBarViewController.swift */; };
		2866ABF52888096100E0B0F2 /* HomeViewController.swift in Sources */ = {isa = PBXBuildFile; fileRef = 2866ABF42888096100E0B0F2 /* HomeViewController.swift */; };
		2866ABF82888096A00E0B0F2 /* HeadlinesViewController.swift in Sources */ = {isa = PBXBuildFile; fileRef = 2866ABF72888096A00E0B0F2 /* HeadlinesViewController.swift */; };
		2866AC0628880BED00E0B0F2 /* TargetType.swift in Sources */ = {isa = PBXBuildFile; fileRef = 2866AC0528880BED00E0B0F2 /* TargetType.swift */; };
		2866AC0928880C3400E0B0F2 /* BaseAPI.swift in Sources */ = {isa = PBXBuildFile; fileRef = 2866AC0828880C3400E0B0F2 /* BaseAPI.swift */; };
		2866AC0D28880CB600E0B0F2 /* NewsNetworking.swift in Sources */ = {isa = PBXBuildFile; fileRef = 2866AC0C28880CB600E0B0F2 /* NewsNetworking.swift */; };
		2866AC1128880CC500E0B0F2 /* NewsAPI.swift in Sources */ = {isa = PBXBuildFile; fileRef = 2866AC1028880CC500E0B0F2 /* NewsAPI.swift */; };
		2866AC1528880D7100E0B0F2 /* Constants.swift in Sources */ = {isa = PBXBuildFile; fileRef = 2866AC1428880D7100E0B0F2 /* Constants.swift */; };
		2866AC1A28880ECA00E0B0F2 /* APIResponse.swift in Sources */ = {isa = PBXBuildFile; fileRef = 2866AC1928880ECA00E0B0F2 /* APIResponse.swift */; };
		2866AC1F2888103A00E0B0F2 /* NewsViewModel.swift in Sources */ = {isa = PBXBuildFile; fileRef = 2866AC1E2888103A00E0B0F2 /* NewsViewModel.swift */; };
		287D62A42889DD6700DC2C55 /* Localizable.strings in Resources */ = {isa = PBXBuildFile; fileRef = 287D62A62889DD6700DC2C55 /* Localizable.strings */; };
		28881E4128888F420089E7CF /* NewsDetailsViewController.swift in Sources */ = {isa = PBXBuildFile; fileRef = 28881E4028888F420089E7CF /* NewsDetailsViewController.swift */; };
		289E9BDD2888E1D000DFA54A /* SectionView.swift in Sources */ = {isa = PBXBuildFile; fileRef = 289E9BDC2888E1D000DFA54A /* SectionView.swift */; };
		289E9BE22888E57300DFA54A /* HeadlinesAPI.swift in Sources */ = {isa = PBXBuildFile; fileRef = 289E9BE12888E57300DFA54A /* HeadlinesAPI.swift */; };
		289E9BE62888E57C00DFA54A /* HeadlinesNetworking.swift in Sources */ = {isa = PBXBuildFile; fileRef = 289E9BE52888E57C00DFA54A /* HeadlinesNetworking.swift */; };
		289E9BE92888E69C00DFA54A /* HeadlinesViewModell.swift in Sources */ = {isa = PBXBuildFile; fileRef = 289E9BE82888E69C00DFA54A /* HeadlinesViewModell.swift */; };
		289E9BEE2888E9CE00DFA54A /* HeadlineCollectionViewCell.swift in Sources */ = {isa = PBXBuildFile; fileRef = 289E9BED2888E9CE00DFA54A /* HeadlineCollectionViewCell.swift */; };
		28D5A7B428892D5100AA267A /* WebViewViewController.swift in Sources */ = {isa = PBXBuildFile; fileRef = 28D5A7B328892D5100AA267A /* WebViewViewController.swift */; };
		28E61CA52889E536003F73D0 /* SettingsViewController.swift in Sources */ = {isa = PBXBuildFile; fileRef = 28E61CA42889E536003F73D0 /* SettingsViewController.swift */; };
		4E9CED3E049C0AC610AE5E26 /* Pods_NewsApp.framework in Frameworks */ = {isa = PBXBuildFile; fileRef = 574D04B4C29D402B17FA99C5 /* Pods_NewsApp.framework */; };
/* End PBXBuildFile section */

/* Begin PBXFileReference section */
		2826181E288A487400627D7A /* HeaderCollectionReusableView.swift */ = {isa = PBXFileReference; lastKnownFileType = sourcecode.swift; path = HeaderCollectionReusableView.swift; sourceTree = "<group>"; };
		284C572F28886BC700761344 /* NewsTableViewCell.swift */ = {isa = PBXFileReference; lastKnownFileType = sourcecode.swift; path = NewsTableViewCell.swift; sourceTree = "<group>"; };
		284C573228886C9800761344 /* HeaderView.swift */ = {isa = PBXFileReference; lastKnownFileType = sourcecode.swift; path = HeaderView.swift; sourceTree = "<group>"; };
		2852AC19288AE63300D27948 /* Extensions.swift */ = {isa = PBXFileReference; lastKnownFileType = sourcecode.swift; path = Extensions.swift; sourceTree = "<group>"; };
		2866ABD42888084D00E0B0F2 /* NewsApp.app */ = {isa = PBXFileReference; explicitFileType = wrapper.application; includeInIndex = 0; path = NewsApp.app; sourceTree = BUILT_PRODUCTS_DIR; };
		2866ABD72888084D00E0B0F2 /* AppDelegate.swift */ = {isa = PBXFileReference; lastKnownFileType = sourcecode.swift; path = AppDelegate.swift; sourceTree = "<group>"; };
		2866ABD92888084D00E0B0F2 /* SceneDelegate.swift */ = {isa = PBXFileReference; lastKnownFileType = sourcecode.swift; path = SceneDelegate.swift; sourceTree = "<group>"; };
		2866ABE02888084F00E0B0F2 /* Assets.xcassets */ = {isa = PBXFileReference; lastKnownFileType = folder.assetcatalog; path = Assets.xcassets; sourceTree = "<group>"; };
		2866ABE32888084F00E0B0F2 /* Base */ = {isa = PBXFileReference; lastKnownFileType = file.storyboard; name = Base; path = Base.lproj/LaunchScreen.storyboard; sourceTree = "<group>"; };
		2866ABE52888084F00E0B0F2 /* Info.plist */ = {isa = PBXFileReference; lastKnownFileType = text.plist.xml; path = Info.plist; sourceTree = "<group>"; };
		2866ABEF288808E900E0B0F2 /* MainTabBarViewController.swift */ = {isa = PBXFileReference; lastKnownFileType = sourcecode.swift; path = MainTabBarViewController.swift; sourceTree = "<group>"; };
		2866ABF42888096100E0B0F2 /* HomeViewController.swift */ = {isa = PBXFileReference; lastKnownFileType = sourcecode.swift; path = HomeViewController.swift; sourceTree = "<group>"; };
		2866ABF72888096A00E0B0F2 /* HeadlinesViewController.swift */ = {isa = PBXFileReference; lastKnownFileType = sourcecode.swift; path = HeadlinesViewController.swift; sourceTree = "<group>"; };
		2866AC0528880BED00E0B0F2 /* TargetType.swift */ = {isa = PBXFileReference; lastKnownFileType = sourcecode.swift; path = TargetType.swift; sourceTree = "<group>"; };
		2866AC0828880C3400E0B0F2 /* BaseAPI.swift */ = {isa = PBXFileReference; lastKnownFileType = sourcecode.swift; path = BaseAPI.swift; sourceTree = "<group>"; };
		2866AC0C28880CB600E0B0F2 /* NewsNetworking.swift */ = {isa = PBXFileReference; lastKnownFileType = sourcecode.swift; path = NewsNetworking.swift; sourceTree = "<group>"; };
		2866AC1028880CC500E0B0F2 /* NewsAPI.swift */ = {isa = PBXFileReference; lastKnownFileType = sourcecode.swift; path = NewsAPI.swift; sourceTree = "<group>"; };
		2866AC1428880D7100E0B0F2 /* Constants.swift */ = {isa = PBXFileReference; lastKnownFileType = sourcecode.swift; path = Constants.swift; sourceTree = "<group>"; };
		2866AC1928880ECA00E0B0F2 /* APIResponse.swift */ = {isa = PBXFileReference; lastKnownFileType = sourcecode.swift; path = APIResponse.swift; sourceTree = "<group>"; };
		2866AC1E2888103A00E0B0F2 /* NewsViewModel.swift */ = {isa = PBXFileReference; lastKnownFileType = sourcecode.swift; path = NewsViewModel.swift; sourceTree = "<group>"; };
		287D629E2889DCB000DC2C55 /* ar */ = {isa = PBXFileReference; lastKnownFileType = text.plist.strings; name = ar; path = ar.lproj/LaunchScreen.strings; sourceTree = "<group>"; };
		287D62A02889DCE400DC2C55 /* fr */ = {isa = PBXFileReference; lastKnownFileType = text.plist.strings; name = fr; path = fr.lproj/LaunchScreen.strings; sourceTree = "<group>"; };
		287D62A52889DD6700DC2C55 /* en */ = {isa = PBXFileReference; lastKnownFileType = text.plist.strings; name = en; path = en.lproj/Localizable.strings; sourceTree = "<group>"; };
		287D62A82889DD6B00DC2C55 /* ar */ = {isa = PBXFileReference; lastKnownFileType = text.plist.strings; name = ar; path = ar.lproj/Localizable.strings; sourceTree = "<group>"; };
		287D62A92889DD6C00DC2C55 /* fr */ = {isa = PBXFileReference; lastKnownFileType = text.plist.strings; name = fr; path = fr.lproj/Localizable.strings; sourceTree = "<group>"; };
		28881E4028888F420089E7CF /* NewsDetailsViewController.swift */ = {isa = PBXFileReference; lastKnownFileType = sourcecode.swift; path = NewsDetailsViewController.swift; sourceTree = "<group>"; };
		289E9BDC2888E1D000DFA54A /* SectionView.swift */ = {isa = PBXFileReference; lastKnownFileType = sourcecode.swift; path = SectionView.swift; sourceTree = "<group>"; };
		289E9BE12888E57300DFA54A /* HeadlinesAPI.swift */ = {isa = PBXFileReference; lastKnownFileType = sourcecode.swift; path = HeadlinesAPI.swift; sourceTree = "<group>"; };
		289E9BE52888E57C00DFA54A /* HeadlinesNetworking.swift */ = {isa = PBXFileReference; lastKnownFileType = sourcecode.swift; path = HeadlinesNetworking.swift; sourceTree = "<group>"; };
		289E9BE82888E69C00DFA54A /* HeadlinesViewModell.swift */ = {isa = PBXFileReference; lastKnownFileType = sourcecode.swift; path = HeadlinesViewModell.swift; sourceTree = "<group>"; };
		289E9BED2888E9CE00DFA54A /* HeadlineCollectionViewCell.swift */ = {isa = PBXFileReference; lastKnownFileType = sourcecode.swift; path = HeadlineCollectionViewCell.swift; sourceTree = "<group>"; };
		28D5A7B328892D5100AA267A /* WebViewViewController.swift */ = {isa = PBXFileReference; lastKnownFileType = sourcecode.swift; path = WebViewViewController.swift; sourceTree = "<group>"; };
		28E61CA42889E536003F73D0 /* SettingsViewController.swift */ = {isa = PBXFileReference; lastKnownFileType = sourcecode.swift; path = SettingsViewController.swift; sourceTree = "<group>"; };
		574D04B4C29D402B17FA99C5 /* Pods_NewsApp.framework */ = {isa = PBXFileReference; explicitFileType = wrapper.framework; includeInIndex = 0; path = Pods_NewsApp.framework; sourceTree = BUILT_PRODUCTS_DIR; };
		8275AFFD02750827A339BAFA /* Pods-NewsApp.debug.xcconfig */ = {isa = PBXFileReference; includeInIndex = 1; lastKnownFileType = text.xcconfig; name = "Pods-NewsApp.debug.xcconfig"; path = "Target Support Files/Pods-NewsApp/Pods-NewsApp.debug.xcconfig"; sourceTree = "<group>"; };
		A46BCC096E443A21B7748E7F /* Pods-NewsApp.release.xcconfig */ = {isa = PBXFileReference; includeInIndex = 1; lastKnownFileType = text.xcconfig; name = "Pods-NewsApp.release.xcconfig"; path = "Target Support Files/Pods-NewsApp/Pods-NewsApp.release.xcconfig"; sourceTree = "<group>"; };
/* End PBXFileReference section */

/* Begin PBXFrameworksBuildPhase section */
		2866ABD12888084D00E0B0F2 /* Frameworks */ = {
			isa = PBXFrameworksBuildPhase;
			buildActionMask = 2147483647;
			files = (
				4E9CED3E049C0AC610AE5E26 /* Pods_NewsApp.framework in Frameworks */,
			);
			runOnlyForDeploymentPostprocessing = 0;
		};
/* End PBXFrameworksBuildPhase section */

/* Begin PBXGroup section */
		284C572E28886BAC00761344 /* CustomViews */ = {
			isa = PBXGroup;
			children = (
				284C573228886C9800761344 /* HeaderView.swift */,
				289E9BDC2888E1D000DFA54A /* SectionView.swift */,
				2826181E288A487400627D7A /* HeaderCollectionReusableView.swift */,
				284C5735288879A000761344 /* Cells */,
			);
			path = CustomViews;
			sourceTree = "<group>";
		};
		284C5735288879A000761344 /* Cells */ = {
			isa = PBXGroup;
			children = (
				284C572F28886BC700761344 /* NewsTableViewCell.swift */,
				289E9BED2888E9CE00DFA54A /* HeadlineCollectionViewCell.swift */,
			);
			path = Cells;
			sourceTree = "<group>";
		};
		2866ABCB2888084D00E0B0F2 = {
			isa = PBXGroup;
			children = (
				2866ABD62888084D00E0B0F2 /* NewsApp */,
				2866ABD52888084D00E0B0F2 /* Products */,
				2B602FBE81C73FD390C16DD4 /* Pods */,
				567F14ABFF9819CF37DA5963 /* Frameworks */,
			);
			sourceTree = "<group>";
		};
		2866ABD52888084D00E0B0F2 /* Products */ = {
			isa = PBXGroup;
			children = (
				2866ABD42888084D00E0B0F2 /* NewsApp.app */,
			);
			name = Products;
			sourceTree = "<group>";
		};
		2866ABD62888084D00E0B0F2 /* NewsApp */ = {
			isa = PBXGroup;
			children = (
				2866AC1D2888102C00E0B0F2 /* ViewModels */,
				2866AC1828880EB800E0B0F2 /* Models */,
				2866AC0328880B8F00E0B0F2 /* Networking */,
				2866ABFA28880A3A00E0B0F2 /* Others */,
				2866AC1328880D6100E0B0F2 /* Utilities */,
				2866ABED288808B000E0B0F2 /* Views */,
				2866ABE52888084F00E0B0F2 /* Info.plist */,
				287D62A62889DD6700DC2C55 /* Localizable.strings */,
			);
			path = NewsApp;
			sourceTree = "<group>";
		};
		2866ABED288808B000E0B0F2 /* Views */ = {
			isa = PBXGroup;
			children = (
				284C572E28886BAC00761344 /* CustomViews */,
				2866ABEE288808B700E0B0F2 /* Controllers */,
			);
			path = Views;
			sourceTree = "<group>";
		};
		2866ABEE288808B700E0B0F2 /* Controllers */ = {
			isa = PBXGroup;
			children = (
				28881E3F28888F240089E7CF /* Core */,
				28881E4028888F420089E7CF /* NewsDetailsViewController.swift */,
				28D5A7B328892D5100AA267A /* WebViewViewController.swift */,
				28E61CA42889E536003F73D0 /* SettingsViewController.swift */,
			);
			path = Controllers;
			sourceTree = "<group>";
		};
		2866ABFA28880A3A00E0B0F2 /* Others */ = {
			isa = PBXGroup;
			children = (
				2866ABE22888084F00E0B0F2 /* LaunchScreen.storyboard */,
				2866ABE02888084F00E0B0F2 /* Assets.xcassets */,
				2866ABD72888084D00E0B0F2 /* AppDelegate.swift */,
				2866ABD92888084D00E0B0F2 /* SceneDelegate.swift */,
			);
			path = Others;
			sourceTree = "<group>";
		};
		2866AC0328880B8F00E0B0F2 /* Networking */ = {
			isa = PBXGroup;
			children = (
				289E9BE02888E55C00DFA54A /* HeadlinesNetworking */,
				2866AC0B28880CA300E0B0F2 /* NewsNetworking */,
				2866AC0428880BB700E0B0F2 /* Base */,
			);
			path = Networking;
			sourceTree = "<group>";
		};
		2866AC0428880BB700E0B0F2 /* Base */ = {
			isa = PBXGroup;
			children = (
				2866AC0528880BED00E0B0F2 /* TargetType.swift */,
				2866AC0828880C3400E0B0F2 /* BaseAPI.swift */,
			);
			path = Base;
			sourceTree = "<group>";
		};
		2866AC0B28880CA300E0B0F2 /* NewsNetworking */ = {
			isa = PBXGroup;
			children = (
				2866AC0C28880CB600E0B0F2 /* NewsNetworking.swift */,
				2866AC1028880CC500E0B0F2 /* NewsAPI.swift */,
			);
			path = NewsNetworking;
			sourceTree = "<group>";
		};
		2866AC1328880D6100E0B0F2 /* Utilities */ = {
			isa = PBXGroup;
			children = (
				2866AC1428880D7100E0B0F2 /* Constants.swift */,
				2852AC19288AE63300D27948 /* Extensions.swift */,
			);
			path = Utilities;
			sourceTree = "<group>";
		};
		2866AC1828880EB800E0B0F2 /* Models */ = {
			isa = PBXGroup;
			children = (
				2866AC1928880ECA00E0B0F2 /* APIResponse.swift */,
			);
			path = Models;
			sourceTree = "<group>";
		};
		2866AC1D2888102C00E0B0F2 /* ViewModels */ = {
			isa = PBXGroup;
			children = (
				2866AC1E2888103A00E0B0F2 /* NewsViewModel.swift */,
				289E9BE82888E69C00DFA54A /* HeadlinesViewModell.swift */,
			);
			path = ViewModels;
			sourceTree = "<group>";
		};
		28881E3F28888F240089E7CF /* Core */ = {
			isa = PBXGroup;
			children = (
				2866ABEF288808E900E0B0F2 /* MainTabBarViewController.swift */,
				2866ABF42888096100E0B0F2 /* HomeViewController.swift */,
				2866ABF72888096A00E0B0F2 /* HeadlinesViewController.swift */,
			);
			path = Core;
			sourceTree = "<group>";
		};
		289E9BE02888E55C00DFA54A /* HeadlinesNetworking */ = {
			isa = PBXGroup;
			children = (
				289E9BE12888E57300DFA54A /* HeadlinesAPI.swift */,
				289E9BE52888E57C00DFA54A /* HeadlinesNetworking.swift */,
			);
			path = HeadlinesNetworking;
			sourceTree = "<group>";
		};
		2B602FBE81C73FD390C16DD4 /* Pods */ = {
			isa = PBXGroup;
			children = (
				8275AFFD02750827A339BAFA /* Pods-NewsApp.debug.xcconfig */,
				A46BCC096E443A21B7748E7F /* Pods-NewsApp.release.xcconfig */,
			);
			path = Pods;
			sourceTree = "<group>";
		};
		567F14ABFF9819CF37DA5963 /* Frameworks */ = {
			isa = PBXGroup;
			children = (
				574D04B4C29D402B17FA99C5 /* Pods_NewsApp.framework */,
			);
			name = Frameworks;
			sourceTree = "<group>";
		};
/* End PBXGroup section */

/* Begin PBXNativeTarget section */
		2866ABD32888084D00E0B0F2 /* NewsApp */ = {
			isa = PBXNativeTarget;
			buildConfigurationList = 2866ABE82888084F00E0B0F2 /* Build configuration list for PBXNativeTarget "NewsApp" */;
			buildPhases = (
				2D8BD08EBF850378144EACA1 /* [CP] Check Pods Manifest.lock */,
				2866ABD02888084D00E0B0F2 /* Sources */,
				2866ABD12888084D00E0B0F2 /* Frameworks */,
				2866ABD22888084D00E0B0F2 /* Resources */,
				8EC96572B2335A0225FCAD67 /* [CP] Embed Pods Frameworks */,
			);
			buildRules = (
			);
			dependencies = (
			);
			name = NewsApp;
			productName = NewsApp;
			productReference = 2866ABD42888084D00E0B0F2 /* NewsApp.app */;
			productType = "com.apple.product-type.application";
		};
/* End PBXNativeTarget section */

/* Begin PBXProject section */
		2866ABCC2888084D00E0B0F2 /* Project object */ = {
			isa = PBXProject;
			attributes = {
				LastSwiftUpdateCheck = 1240;
				LastUpgradeCheck = 1240;
				TargetAttributes = {
					2866ABD32888084D00E0B0F2 = {
						CreatedOnToolsVersion = 12.4;
					};
				};
			};
			buildConfigurationList = 2866ABCF2888084D00E0B0F2 /* Build configuration list for PBXProject "NewsApp" */;
			compatibilityVersion = "Xcode 9.3";
			developmentRegion = en;
			hasScannedForEncodings = 0;
			knownRegions = (
				en,
				Base,
				ar,
				fr,
			);
			mainGroup = 2866ABCB2888084D00E0B0F2;
			productRefGroup = 2866ABD52888084D00E0B0F2 /* Products */;
			projectDirPath = "";
			projectRoot = "";
			targets = (
				2866ABD32888084D00E0B0F2 /* NewsApp */,
			);
		};
/* End PBXProject section */

/* Begin PBXResourcesBuildPhase section */
		2866ABD22888084D00E0B0F2 /* Resources */ = {
			isa = PBXResourcesBuildPhase;
			buildActionMask = 2147483647;
			files = (
				2866ABE42888084F00E0B0F2 /* LaunchScreen.storyboard in Resources */,
				287D62A42889DD6700DC2C55 /* Localizable.strings in Resources */,
				2866ABE12888084F00E0B0F2 /* Assets.xcassets in Resources */,
			);
			runOnlyForDeploymentPostprocessing = 0;
		};
/* End PBXResourcesBuildPhase section */

/* Begin PBXShellScriptBuildPhase section */
		2D8BD08EBF850378144EACA1 /* [CP] Check Pods Manifest.lock */ = {
			isa = PBXShellScriptBuildPhase;
			buildActionMask = 2147483647;
			files = (
			);
			inputFileListPaths = (
			);
			inputPaths = (
				"${PODS_PODFILE_DIR_PATH}/Podfile.lock",
				"${PODS_ROOT}/Manifest.lock",
			);
			name = "[CP] Check Pods Manifest.lock";
			outputFileListPaths = (
			);
			outputPaths = (
				"$(DERIVED_FILE_DIR)/Pods-NewsApp-checkManifestLockResult.txt",
			);
			runOnlyForDeploymentPostprocessing = 0;
			shellPath = /bin/sh;
			shellScript = "diff \"${PODS_PODFILE_DIR_PATH}/Podfile.lock\" \"${PODS_ROOT}/Manifest.lock\" > /dev/null\nif [ $? != 0 ] ; then\n    # print error to STDERR\n    echo \"error: The sandbox is not in sync with the Podfile.lock. Run 'pod install' or update your CocoaPods installation.\" >&2\n    exit 1\nfi\n# This output is used by Xcode 'outputs' to avoid re-running this script phase.\necho \"SUCCESS\" > \"${SCRIPT_OUTPUT_FILE_0}\"\n";
			showEnvVarsInLog = 0;
		};
		8EC96572B2335A0225FCAD67 /* [CP] Embed Pods Frameworks */ = {
			isa = PBXShellScriptBuildPhase;
			buildActionMask = 2147483647;
			files = (
			);
			inputFileListPaths = (
				"${PODS_ROOT}/Target Support Files/Pods-NewsApp/Pods-NewsApp-frameworks-${CONFIGURATION}-input-files.xcfilelist",
			);
			name = "[CP] Embed Pods Frameworks";
			outputFileListPaths = (
				"${PODS_ROOT}/Target Support Files/Pods-NewsApp/Pods-NewsApp-frameworks-${CONFIGURATION}-output-files.xcfilelist",
			);
			runOnlyForDeploymentPostprocessing = 0;
			shellPath = /bin/sh;
			shellScript = "\"${PODS_ROOT}/Target Support Files/Pods-NewsApp/Pods-NewsApp-frameworks.sh\"\n";
			showEnvVarsInLog = 0;
		};
/* End PBXShellScriptBuildPhase section */

/* Begin PBXSourcesBuildPhase section */
		2866ABD02888084D00E0B0F2 /* Sources */ = {
			isa = PBXSourcesBuildPhase;
			buildActionMask = 2147483647;
			files = (
				2866ABF52888096100E0B0F2 /* HomeViewController.swift in Sources */,
				289E9BEE2888E9CE00DFA54A /* HeadlineCollectionViewCell.swift in Sources */,
				289E9BE92888E69C00DFA54A /* HeadlinesViewModell.swift in Sources */,
				2866AC1528880D7100E0B0F2 /* Constants.swift in Sources */,
				28D5A7B428892D5100AA267A /* WebViewViewController.swift in Sources */,
				2826181F288A487400627D7A /* HeaderCollectionReusableView.swift in Sources */,
				2866ABF82888096A00E0B0F2 /* HeadlinesViewController.swift in Sources */,
				2866ABD82888084D00E0B0F2 /* AppDelegate.swift in Sources */,
				2866AC1A28880ECA00E0B0F2 /* APIResponse.swift in Sources */,
				2866ABF0288808E900E0B0F2 /* MainTabBarViewController.swift in Sources */,
				2866AC0928880C3400E0B0F2 /* BaseAPI.swift in Sources */,
				284C573028886BC700761344 /* NewsTableViewCell.swift in Sources */,
				2866ABDA2888084D00E0B0F2 /* SceneDelegate.swift in Sources */,
				284C573328886C9800761344 /* HeaderView.swift in Sources */,
				28E61CA52889E536003F73D0 /* SettingsViewController.swift in Sources */,
				289E9BDD2888E1D000DFA54A /* SectionView.swift in Sources */,
				289E9BE22888E57300DFA54A /* HeadlinesAPI.swift in Sources */,
				2866AC1128880CC500E0B0F2 /* NewsAPI.swift in Sources */,
				28881E4128888F420089E7CF /* NewsDetailsViewController.swift in Sources */,
				2852AC1A288AE63300D27948 /* Extensions.swift in Sources */,
				2866AC1F2888103A00E0B0F2 /* NewsViewModel.swift in Sources */,
				2866AC0D28880CB600E0B0F2 /* NewsNetworking.swift in Sources */,
				2866AC0628880BED00E0B0F2 /* TargetType.swift in Sources */,
				289E9BE62888E57C00DFA54A /* HeadlinesNetworking.swift in Sources */,
			);
			runOnlyForDeploymentPostprocessing = 0;
		};
/* End PBXSourcesBuildPhase section */

/* Begin PBXVariantGroup section */
		2866ABE22888084F00E0B0F2 /* LaunchScreen.storyboard */ = {
			isa = PBXVariantGroup;
			children = (
				2866ABE32888084F00E0B0F2 /* Base */,
				287D629E2889DCB000DC2C55 /* ar */,
				287D62A02889DCE400DC2C55 /* fr */,
			);
			name = LaunchScreen.storyboard;
			sourceTree = "<group>";
		};
		287D62A62889DD6700DC2C55 /* Localizable.strings */ = {
			isa = PBXVariantGroup;
			children = (
				287D62A52889DD6700DC2C55 /* en */,
				287D62A82889DD6B00DC2C55 /* ar */,
				287D62A92889DD6C00DC2C55 /* fr */,
			);
			name = Localizable.strings;
			sourceTree = "<group>";
		};
/* End PBXVariantGroup section */

/* Begin XCBuildConfiguration section */
		2866ABE62888084F00E0B0F2 /* Debug */ = {
			isa = XCBuildConfiguration;
			buildSettings = {
				ALWAYS_SEARCH_USER_PATHS = NO;
				CLANG_ANALYZER_LOCALIZABILITY_NONLOCALIZED = YES;
				CLANG_ANALYZER_NONNULL = YES;
				CLANG_ANALYZER_NUMBER_OBJECT_CONVERSION = YES_AGGRESSIVE;
				CLANG_CXX_LANGUAGE_STANDARD = "gnu++14";
				CLANG_CXX_LIBRARY = "libc++";
				CLANG_ENABLE_MODULES = YES;
				CLANG_ENABLE_OBJC_ARC = YES;
				CLANG_ENABLE_OBJC_WEAK = YES;
				CLANG_WARN_BLOCK_CAPTURE_AUTORELEASING = YES;
				CLANG_WARN_BOOL_CONVERSION = YES;
				CLANG_WARN_COMMA = YES;
				CLANG_WARN_CONSTANT_CONVERSION = YES;
				CLANG_WARN_DEPRECATED_OBJC_IMPLEMENTATIONS = YES;
				CLANG_WARN_DIRECT_OBJC_ISA_USAGE = YES_ERROR;
				CLANG_WARN_DOCUMENTATION_COMMENTS = YES;
				CLANG_WARN_EMPTY_BODY = YES;
				CLANG_WARN_ENUM_CONVERSION = YES;
				CLANG_WARN_INFINITE_RECURSION = YES;
				CLANG_WARN_INT_CONVERSION = YES;
				CLANG_WARN_NON_LITERAL_NULL_CONVERSION = YES;
				CLANG_WARN_OBJC_IMPLICIT_RETAIN_SELF = YES;
				CLANG_WARN_OBJC_LITERAL_CONVERSION = YES;
				CLANG_WARN_OBJC_ROOT_CLASS = YES_ERROR;
				CLANG_WARN_QUOTED_INCLUDE_IN_FRAMEWORK_HEADER = YES;
				CLANG_WARN_RANGE_LOOP_ANALYSIS = YES;
				CLANG_WARN_STRICT_PROTOTYPES = YES;
				CLANG_WARN_SUSPICIOUS_MOVE = YES;
				CLANG_WARN_UNGUARDED_AVAILABILITY = YES_AGGRESSIVE;
				CLANG_WARN_UNREACHABLE_CODE = YES;
				CLANG_WARN__DUPLICATE_METHOD_MATCH = YES;
				COPY_PHASE_STRIP = NO;
				DEBUG_INFORMATION_FORMAT = dwarf;
				ENABLE_STRICT_OBJC_MSGSEND = YES;
				ENABLE_TESTABILITY = YES;
				GCC_C_LANGUAGE_STANDARD = gnu11;
				GCC_DYNAMIC_NO_PIC = NO;
				GCC_NO_COMMON_BLOCKS = YES;
				GCC_OPTIMIZATION_LEVEL = 0;
				GCC_PREPROCESSOR_DEFINITIONS = (
					"DEBUG=1",
					"$(inherited)",
				);
				GCC_WARN_64_TO_32_BIT_CONVERSION = YES;
				GCC_WARN_ABOUT_RETURN_TYPE = YES_ERROR;
				GCC_WARN_UNDECLARED_SELECTOR = YES;
				GCC_WARN_UNINITIALIZED_AUTOS = YES_AGGRESSIVE;
				GCC_WARN_UNUSED_FUNCTION = YES;
				GCC_WARN_UNUSED_VARIABLE = YES;
				IPHONEOS_DEPLOYMENT_TARGET = 14.4;
				MTL_ENABLE_DEBUG_INFO = INCLUDE_SOURCE;
				MTL_FAST_MATH = YES;
				ONLY_ACTIVE_ARCH = YES;
				SDKROOT = iphoneos;
				SWIFT_ACTIVE_COMPILATION_CONDITIONS = DEBUG;
				SWIFT_OPTIMIZATION_LEVEL = "-Onone";
			};
			name = Debug;
		};
		2866ABE72888084F00E0B0F2 /* Release */ = {
			isa = XCBuildConfiguration;
			buildSettings = {
				ALWAYS_SEARCH_USER_PATHS = NO;
				CLANG_ANALYZER_LOCALIZABILITY_NONLOCALIZED = YES;
				CLANG_ANALYZER_NONNULL = YES;
				CLANG_ANALYZER_NUMBER_OBJECT_CONVERSION = YES_AGGRESSIVE;
				CLANG_CXX_LANGUAGE_STANDARD = "gnu++14";
				CLANG_CXX_LIBRARY = "libc++";
				CLANG_ENABLE_MODULES = YES;
				CLANG_ENABLE_OBJC_ARC = YES;
				CLANG_ENABLE_OBJC_WEAK = YES;
				CLANG_WARN_BLOCK_CAPTURE_AUTORELEASING = YES;
				CLANG_WARN_BOOL_CONVERSION = YES;
				CLANG_WARN_COMMA = YES;
				CLANG_WARN_CONSTANT_CONVERSION = YES;
				CLANG_WARN_DEPRECATED_OBJC_IMPLEMENTATIONS = YES;
				CLANG_WARN_DIRECT_OBJC_ISA_USAGE = YES_ERROR;
				CLANG_WARN_DOCUMENTATION_COMMENTS = YES;
				CLANG_WARN_EMPTY_BODY = YES;
				CLANG_WARN_ENUM_CONVERSION = YES;
				CLANG_WARN_INFINITE_RECURSION = YES;
				CLANG_WARN_INT_CONVERSION = YES;
				CLANG_WARN_NON_LITERAL_NULL_CONVERSION = YES;
				CLANG_WARN_OBJC_IMPLICIT_RETAIN_SELF = YES;
				CLANG_WARN_OBJC_LITERAL_CONVERSION = YES;
				CLANG_WARN_OBJC_ROOT_CLASS = YES_ERROR;
				CLANG_WARN_QUOTED_INCLUDE_IN_FRAMEWORK_HEADER = YES;
				CLANG_WARN_RANGE_LOOP_ANALYSIS = YES;
				CLANG_WARN_STRICT_PROTOTYPES = YES;
				CLANG_WARN_SUSPICIOUS_MOVE = YES;
				CLANG_WARN_UNGUARDED_AVAILABILITY = YES_AGGRESSIVE;
				CLANG_WARN_UNREACHABLE_CODE = YES;
				CLANG_WARN__DUPLICATE_METHOD_MATCH = YES;
				COPY_PHASE_STRIP = NO;
				DEBUG_INFORMATION_FORMAT = "dwarf-with-dsym";
				ENABLE_NS_ASSERTIONS = NO;
				ENABLE_STRICT_OBJC_MSGSEND = YES;
				GCC_C_LANGUAGE_STANDARD = gnu11;
				GCC_NO_COMMON_BLOCKS = YES;
				GCC_WARN_64_TO_32_BIT_CONVERSION = YES;
				GCC_WARN_ABOUT_RETURN_TYPE = YES_ERROR;
				GCC_WARN_UNDECLARED_SELECTOR = YES;
				GCC_WARN_UNINITIALIZED_AUTOS = YES_AGGRESSIVE;
				GCC_WARN_UNUSED_FUNCTION = YES;
				GCC_WARN_UNUSED_VARIABLE = YES;
				IPHONEOS_DEPLOYMENT_TARGET = 14.4;
				MTL_ENABLE_DEBUG_INFO = NO;
				MTL_FAST_MATH = YES;
				SDKROOT = iphoneos;
				SWIFT_COMPILATION_MODE = wholemodule;
				SWIFT_OPTIMIZATION_LEVEL = "-O";
				VALIDATE_PRODUCT = YES;
			};
			name = Release;
		};
		2866ABE92888084F00E0B0F2 /* Debug */ = {
			isa = XCBuildConfiguration;
			baseConfigurationReference = 8275AFFD02750827A339BAFA /* Pods-NewsApp.debug.xcconfig */;
			buildSettings = {
				ASSETCATALOG_COMPILER_APPICON_NAME = AppIcon;
				ASSETCATALOG_COMPILER_GLOBAL_ACCENT_COLOR_NAME = AccentColor;
				CODE_SIGN_STYLE = Automatic;
				DEVELOPMENT_TEAM = 38B2STTTMY;
				INFOPLIST_FILE = NewsApp/Info.plist;
				IPHONEOS_DEPLOYMENT_TARGET = 14.4;
				LD_RUNPATH_SEARCH_PATHS = (
					"$(inherited)",
					"@executable_path/Frameworks",
				);
				PRODUCT_BUNDLE_IDENTIFIER = com.eslam.NewsApp;
				PRODUCT_NAME = "$(TARGET_NAME)";
				SWIFT_VERSION = 5.0;
				TARGETED_DEVICE_FAMILY = "1,2";
			};
			name = Debug;
		};
		2866ABEA2888084F00E0B0F2 /* Release */ = {
			isa = XCBuildConfiguration;
			baseConfigurationReference = A46BCC096E443A21B7748E7F /* Pods-NewsApp.release.xcconfig */;
			buildSettings = {
				ASSETCATALOG_COMPILER_APPICON_NAME = AppIcon;
				ASSETCATALOG_COMPILER_GLOBAL_ACCENT_COLOR_NAME = AccentColor;
				CODE_SIGN_STYLE = Automatic;
				DEVELOPMENT_TEAM = 38B2STTTMY;
				INFOPLIST_FILE = NewsApp/Info.plist;
				IPHONEOS_DEPLOYMENT_TARGET = 14.4;
				LD_RUNPATH_SEARCH_PATHS = (
					"$(inherited)",
					"@executable_path/Frameworks",
				);
				PRODUCT_BUNDLE_IDENTIFIER = com.eslam.NewsApp;
				PRODUCT_NAME = "$(TARGET_NAME)";
				SWIFT_VERSION = 5.0;
				TARGETED_DEVICE_FAMILY = "1,2";
			};
			name = Release;
		};
/* End XCBuildConfiguration section */

/* Begin XCConfigurationList section */
		2866ABCF2888084D00E0B0F2 /* Build configuration list for PBXProject "NewsApp" */ = {
			isa = XCConfigurationList;
			buildConfigurations = (
				2866ABE62888084F00E0B0F2 /* Debug */,
				2866ABE72888084F00E0B0F2 /* Release */,
			);
			defaultConfigurationIsVisible = 0;
			defaultConfigurationName = Release;
		};
		2866ABE82888084F00E0B0F2 /* Build configuration list for PBXNativeTarget "NewsApp" */ = {
			isa = XCConfigurationList;
			buildConfigurations = (
				2866ABE92888084F00E0B0F2 /* Debug */,
				2866ABEA2888084F00E0B0F2 /* Release */,
			);
			defaultConfigurationIsVisible = 0;
			defaultConfigurationName = Release;
		};
/* End XCConfigurationList section */
	};
	rootObject = 2866ABCC2888084D00E0B0F2 /* Project object */;
}
